// !$*UTF8*$!
{
	archiveVersion = 1;
	classes = {
	};
	objectVersion = 77;
	objects = {

/* Begin PBXBuildFile section */
		18422DC52D14AF6700913564 /* Algorithms in Frameworks */ = {isa = PBXBuildFile; productRef = 18422DC42D14AF6700913564 /* Algorithms */; };
		1855B3B22CF747BF008609F9 /* OrderedCollections in Frameworks */ = {isa = PBXBuildFile; productRef = 1855B3B12CF747BF008609F9 /* OrderedCollections */; };
		187A8CE42CF4B61200E28255 /* SwiftToasts in Frameworks */ = {isa = PBXBuildFile; productRef = 187A8CE32CF4B61200E28255 /* SwiftToasts */; };
		188FA3482D39799C00DFA7DA /* StorageSenseKit in Frameworks */ = {isa = PBXBuildFile; productRef = 188FA3472D39799C00DFA7DA /* StorageSenseKit */; };
		B9E04D1C2D956E710007FD04 /* SwiftToasts in Frameworks */ = {isa = PBXBuildFile; productRef = B9E04D1B2D956E710007FD04 /* SwiftToasts */; };
/* End PBXBuildFile section */

/* Begin PBXFileReference section */
		18EE69132CCD0AE300A16196 /* DualVideoRecordingApp.app */ = {isa = PBXFileReference; explicitFileType = wrapper.application; includeInIndex = 0; path = DualVideoRecordingApp.app; sourceTree = BUILT_PRODUCTS_DIR; };
/* End PBXFileReference section */

/* Begin PBXFileSystemSynchronizedBuildFileExceptionSet section */
		18EE69252CCD0C6500A16196 /* Exceptions for "DualVideoRecordingApp" folder in "DualVideoRecordingApp" target */ = {
			isa = PBXFileSystemSynchronizedBuildFileExceptionSet;
			membershipExceptions = (
				Info.plist,
			);
			target = 18EE69122CCD0AE300A16196 /* DualVideoRecordingApp */;
		};
/* End PBXFileSystemSynchronizedBuildFileExceptionSet section */

/* Begin PBXFileSystemSynchronizedRootGroup section */
		18EE69152CCD0AE300A16196 /* DualVideoRecordingApp */ = {
			isa = PBXFileSystemSynchronizedRootGroup;
			exceptions = (
				18EE69252CCD0C6500A16196 /* Exceptions for "DualVideoRecordingApp" folder in "DualVideoRecordingApp" target */,
			);
			path = DualVideoRecordingApp;
			sourceTree = "<group>";
		};
/* End PBXFileSystemSynchronizedRootGroup section */

/* Begin PBXFrameworksBuildPhase section */
		18EE69102CCD0AE300A16196 /* Frameworks */ = {
			isa = PBXFrameworksBuildPhase;
			buildActionMask = 2147483647;
			files = (
				B9E04D1C2D956E710007FD04 /* SwiftToasts in Frameworks */,
				18422DC52D14AF6700913564 /* Algorithms in Frameworks */,
				1855B3B22CF747BF008609F9 /* OrderedCollections in Frameworks */,
				188FA3482D39799C00DFA7DA /* StorageSenseKit in Frameworks */,
				187A8CE42CF4B61200E28255 /* SwiftToasts in Frameworks */,
			);
			runOnlyForDeploymentPostprocessing = 0;
		};
/* End PBXFrameworksBuildPhase section */

/* Begin PBXGroup section */
		18EE690A2CCD0AE300A16196 = {
			isa = PBXGroup;
			children = (
				18EE69152CCD0AE300A16196 /* DualVideoRecordingApp */,
				18EE69142CCD0AE300A16196 /* Products */,
			);
			sourceTree = "<group>";
		};
		18EE69142CCD0AE300A16196 /* Products */ = {
			isa = PBXGroup;
			children = (
				18EE69132CCD0AE300A16196 /* DualVideoRecordingApp.app */,
			);
			name = Products;
			sourceTree = "<group>";
		};
/* End PBXGroup section */

/* Begin PBXNativeTarget section */
		18EE69122CCD0AE300A16196 /* DualVideoRecordingApp */ = {
			isa = PBXNativeTarget;
			buildConfigurationList = 18EE69212CCD0AE400A16196 /* Build configuration list for PBXNativeTarget "DualVideoRecordingApp" */;
			buildPhases = (
				18EE690F2CCD0AE300A16196 /* Sources */,
				18EE69102CCD0AE300A16196 /* Frameworks */,
				18EE69112CCD0AE300A16196 /* Resources */,
			);
			buildRules = (
			);
			dependencies = (
			);
			fileSystemSynchronizedGroups = (
				18EE69152CCD0AE300A16196 /* DualVideoRecordingApp */,
			);
			name = DualVideoRecordingApp;
			packageProductDependencies = (
				187A8CE32CF4B61200E28255 /* SwiftToasts */,
				1855B3B12CF747BF008609F9 /* OrderedCollections */,
				18422DC42D14AF6700913564 /* Algorithms */,
				188FA3472D39799C00DFA7DA /* StorageSenseKit */,
				B9E04D1B2D956E710007FD04 /* SwiftToasts */,
			);
			productName = DualVideoRecordingApp;
			productReference = 18EE69132CCD0AE300A16196 /* DualVideoRecordingApp.app */;
			productType = "com.apple.product-type.application";
		};
/* End PBXNativeTarget section */

/* Begin PBXProject section */
		18EE690B2CCD0AE300A16196 /* Project object */ = {
			isa = PBXProject;
			attributes = {
				BuildIndependentTargetsInParallel = 1;
				LastSwiftUpdateCheck = 1600;
				LastUpgradeCheck = 1600;
				TargetAttributes = {
					18EE69122CCD0AE300A16196 = {
						CreatedOnToolsVersion = 16.0;
					};
				};
			};
			buildConfigurationList = 18EE690E2CCD0AE300A16196 /* Build configuration list for PBXProject "DualVideoRecordingApp" */;
			developmentRegion = en;
			hasScannedForEncodings = 0;
			knownRegions = (
				en,
				Base,
			);
			mainGroup = 18EE690A2CCD0AE300A16196;
			minimizedProjectReferenceProxies = 1;
			packageReferences = (
				1855B3B02CF747BF008609F9 /* XCRemoteSwiftPackageReference "swift-collections" */,
				18422DC32D14AF6700913564 /* XCRemoteSwiftPackageReference "swift-algorithms" */,
				188FA3462D39799C00DFA7DA /* XCRemoteSwiftPackageReference "StorageSenseKit" */,
				B9E04D1A2D956E710007FD04 /* XCRemoteSwiftPackageReference "SwiftToasts" */,
			);
			preferredProjectObjectVersion = 77;
			productRefGroup = 18EE69142CCD0AE300A16196 /* Products */;
			projectDirPath = "";
			projectRoot = "";
			targets = (
				18EE69122CCD0AE300A16196 /* DualVideoRecordingApp */,
			);
		};
/* End PBXProject section */

/* Begin PBXResourcesBuildPhase section */
		18EE69112CCD0AE300A16196 /* Resources */ = {
			isa = PBXResourcesBuildPhase;
			buildActionMask = 2147483647;
			files = (
			);
			runOnlyForDeploymentPostprocessing = 0;
		};
/* End PBXResourcesBuildPhase section */

/* Begin PBXSourcesBuildPhase section */
		18EE690F2CCD0AE300A16196 /* Sources */ = {
			isa = PBXSourcesBuildPhase;
			buildActionMask = 2147483647;
			files = (
			);
			runOnlyForDeploymentPostprocessing = 0;
		};
/* End PBXSourcesBuildPhase section */

/* Begin XCBuildConfiguration section */
		18EE691F2CCD0AE400A16196 /* Debug */ = {
			isa = XCBuildConfiguration;
			buildSettings = {
				ALWAYS_SEARCH_USER_PATHS = NO;
				ASSETCATALOG_COMPILER_GENERATE_SWIFT_ASSET_SYMBOL_EXTENSIONS = YES;
				CLANG_ANALYZER_NONNULL = YES;
				CLANG_ANALYZER_NUMBER_OBJECT_CONVERSION = YES_AGGRESSIVE;
				CLANG_CXX_LANGUAGE_STANDARD = "gnu++20";
				CLANG_ENABLE_MODULES = YES;
				CLANG_ENABLE_OBJC_ARC = YES;
				CLANG_ENABLE_OBJC_WEAK = YES;
				CLANG_WARN_BLOCK_CAPTURE_AUTORELEASING = YES;
				CLANG_WARN_BOOL_CONVERSION = YES;
				CLANG_WARN_COMMA = YES;
				CLANG_WARN_CONSTANT_CONVERSION = YES;
				CLANG_WARN_DEPRECATED_OBJC_IMPLEMENTATIONS = YES;
				CLANG_WARN_DIRECT_OBJC_ISA_USAGE = YES_ERROR;
				CLANG_WARN_DOCUMENTATION_COMMENTS = YES;
				CLANG_WARN_EMPTY_BODY = YES;
				CLANG_WARN_ENUM_CONVERSION = YES;
				CLANG_WARN_INFINITE_RECURSION = YES;
				CLANG_WARN_INT_CONVERSION = YES;
				CLANG_WARN_NON_LITERAL_NULL_CONVERSION = YES;
				CLANG_WARN_OBJC_IMPLICIT_RETAIN_SELF = YES;
				CLANG_WARN_OBJC_LITERAL_CONVERSION = YES;
				CLANG_WARN_OBJC_ROOT_CLASS = YES_ERROR;
				CLANG_WARN_QUOTED_INCLUDE_IN_FRAMEWORK_HEADER = YES;
				CLANG_WARN_RANGE_LOOP_ANALYSIS = YES;
				CLANG_WARN_STRICT_PROTOTYPES = YES;
				CLANG_WARN_SUSPICIOUS_MOVE = YES;
				CLANG_WARN_UNGUARDED_AVAILABILITY = YES_AGGRESSIVE;
				CLANG_WARN_UNREACHABLE_CODE = YES;
				CLANG_WARN__DUPLICATE_METHOD_MATCH = YES;
				COPY_PHASE_STRIP = NO;
				DEBUG_INFORMATION_FORMAT = dwarf;
				ENABLE_STRICT_OBJC_MSGSEND = YES;
				ENABLE_TESTABILITY = YES;
				ENABLE_USER_SCRIPT_SANDBOXING = YES;
				GCC_C_LANGUAGE_STANDARD = gnu17;
				GCC_DYNAMIC_NO_PIC = NO;
				GCC_NO_COMMON_BLOCKS = YES;
				GCC_OPTIMIZATION_LEVEL = 0;
				GCC_PREPROCESSOR_DEFINITIONS = (
					"DEBUG=1",
					"$(inherited)",
				);
				GCC_WARN_64_TO_32_BIT_CONVERSION = YES;
				GCC_WARN_ABOUT_RETURN_TYPE = YES_ERROR;
				GCC_WARN_UNDECLARED_SELECTOR = YES;
				GCC_WARN_UNINITIALIZED_AUTOS = YES_AGGRESSIVE;
				GCC_WARN_UNUSED_FUNCTION = YES;
				GCC_WARN_UNUSED_VARIABLE = YES;
				IPHONEOS_DEPLOYMENT_TARGET = 18.0;
				LOCALIZATION_PREFERS_STRING_CATALOGS = YES;
				MTL_ENABLE_DEBUG_INFO = INCLUDE_SOURCE;
				MTL_FAST_MATH = YES;
				ONLY_ACTIVE_ARCH = YES;
				SDKROOT = iphoneos;
				SWIFT_ACTIVE_COMPILATION_CONDITIONS = "DEBUG $(inherited)";
				SWIFT_OPTIMIZATION_LEVEL = "-Onone";
			};
			name = Debug;
		};
		18EE69202CCD0AE400A16196 /* Release */ = {
			isa = XCBuildConfiguration;
			buildSettings = {
				ALWAYS_SEARCH_USER_PATHS = NO;
				ASSETCATALOG_COMPILER_GENERATE_SWIFT_ASSET_SYMBOL_EXTENSIONS = YES;
				CLANG_ANALYZER_NONNULL = YES;
				CLANG_ANALYZER_NUMBER_OBJECT_CONVERSION = YES_AGGRESSIVE;
				CLANG_CXX_LANGUAGE_STANDARD = "gnu++20";
				CLANG_ENABLE_MODULES = YES;
				CLANG_ENABLE_OBJC_ARC = YES;
				CLANG_ENABLE_OBJC_WEAK = YES;
				CLANG_WARN_BLOCK_CAPTURE_AUTORELEASING = YES;
				CLANG_WARN_BOOL_CONVERSION = YES;
				CLANG_WARN_COMMA = YES;
				CLANG_WARN_CONSTANT_CONVERSION = YES;
				CLANG_WARN_DEPRECATED_OBJC_IMPLEMENTATIONS = YES;
				CLANG_WARN_DIRECT_OBJC_ISA_USAGE = YES_ERROR;
				CLANG_WARN_DOCUMENTATION_COMMENTS = YES;
				CLANG_WARN_EMPTY_BODY = YES;
				CLANG_WARN_ENUM_CONVERSION = YES;
				CLANG_WARN_INFINITE_RECURSION = YES;
				CLANG_WARN_INT_CONVERSION = YES;
				CLANG_WARN_NON_LITERAL_NULL_CONVERSION = YES;
				CLANG_WARN_OBJC_IMPLICIT_RETAIN_SELF = YES;
				CLANG_WARN_OBJC_LITERAL_CONVERSION = YES;
				CLANG_WARN_OBJC_ROOT_CLASS = YES_ERROR;
				CLANG_WARN_QUOTED_INCLUDE_IN_FRAMEWORK_HEADER = YES;
				CLANG_WARN_RANGE_LOOP_ANALYSIS = YES;
				CLANG_WARN_STRICT_PROTOTYPES = YES;
				CLANG_WARN_SUSPICIOUS_MOVE = YES;
				CLANG_WARN_UNGUARDED_AVAILABILITY = YES_AGGRESSIVE;
				CLANG_WARN_UNREACHABLE_CODE = YES;
				CLANG_WARN__DUPLICATE_METHOD_MATCH = YES;
				COPY_PHASE_STRIP = NO;
				DEBUG_INFORMATION_FORMAT = "dwarf-with-dsym";
				ENABLE_NS_ASSERTIONS = NO;
				ENABLE_STRICT_OBJC_MSGSEND = YES;
				ENABLE_USER_SCRIPT_SANDBOXING = YES;
				GCC_C_LANGUAGE_STANDARD = gnu17;
				GCC_NO_COMMON_BLOCKS = YES;
				GCC_WARN_64_TO_32_BIT_CONVERSION = YES;
				GCC_WARN_ABOUT_RETURN_TYPE = YES_ERROR;
				GCC_WARN_UNDECLARED_SELECTOR = YES;
				GCC_WARN_UNINITIALIZED_AUTOS = YES_AGGRESSIVE;
				GCC_WARN_UNUSED_FUNCTION = YES;
				GCC_WARN_UNUSED_VARIABLE = YES;
				IPHONEOS_DEPLOYMENT_TARGET = 18.0;
				LOCALIZATION_PREFERS_STRING_CATALOGS = YES;
				MTL_ENABLE_DEBUG_INFO = NO;
				MTL_FAST_MATH = YES;
				SDKROOT = iphoneos;
				SWIFT_COMPILATION_MODE = wholemodule;
				VALIDATE_PRODUCT = YES;
			};
			name = Release;
		};
		18EE69222CCD0AE400A16196 /* Debug */ = {
			isa = XCBuildConfiguration;
			buildSettings = {
				ASSETCATALOG_COMPILER_APPICON_NAME = AppIcon;
				ASSETCATALOG_COMPILER_GLOBAL_ACCENT_COLOR_NAME = AccentColor;
				CODE_SIGN_STYLE = Automatic;
				CURRENT_PROJECT_VERSION = 1;
				DEVELOPMENT_ASSET_PATHS = "\"DualVideoRecordingApp/Preview Content\"";
				DEVELOPMENT_TEAM = HJ3C6V359D;
				ENABLE_PREVIEWS = YES;
				GENERATE_INFOPLIST_FILE = YES;
				INFOPLIST_FILE = DualVideoRecordingApp/Info.plist;
				INFOPLIST_KEY_CFBundleDisplayName = LOOKOUT;
				INFOPLIST_KEY_ITSAppUsesNonExemptEncryption = NO;
				INFOPLIST_KEY_LSApplicationCategoryType = "public.app-category.video";
				INFOPLIST_KEY_NSCameraUsageDescription = "This app uses the camera to capture high-quality video from both front and rear perspectives. The dual recording feature allows you to record two angles simultaneously, ensuring you never miss a moment. Your privacy is our priority, and the camera is only active during recording.";
				INFOPLIST_KEY_NSLocationWhenInUseUsageDescription = "This app requires your location to help provide navigation and route guidance.";
				INFOPLIST_KEY_NSMicrophoneUsageDescription = "This app uses the microphone to record audio that syncs with your dual video capture. Audio is recorded solely for enhancing your video recordings, ensuring a complete multimedia experience. Your sound data remains private and is only used when you are recording.";
				INFOPLIST_KEY_UIApplicationSceneManifest_Generation = YES;
				INFOPLIST_KEY_UIApplicationSupportsIndirectInputEvents = YES;
				INFOPLIST_KEY_UILaunchScreen_Generation = YES;
				INFOPLIST_KEY_UIRequiredDeviceCapabilities = telephony;
				INFOPLIST_KEY_UIStatusBarStyle = UIStatusBarStyleDarkContent;
				IPHONEOS_DEPLOYMENT_TARGET = 16.4;
				LD_RUNPATH_SEARCH_PATHS = (
					"$(inherited)",
					"@executable_path/Frameworks",
				);
				MARKETING_VERSION = 3.0;
				PRODUCT_BUNDLE_IDENTIFIER = com.kidastudios.lookout;
				PRODUCT_NAME = "$(TARGET_NAME)";
				SUPPORTED_PLATFORMS = "iphoneos iphonesimulator";
				SUPPORTS_MACCATALYST = NO;
				SUPPORTS_MAC_DESIGNED_FOR_IPHONE_IPAD = NO;
				SUPPORTS_XR_DESIGNED_FOR_IPHONE_IPAD = NO;
				SWIFT_EMIT_LOC_STRINGS = YES;
				SWIFT_STRICT_CONCURRENCY = targeted;
				SWIFT_VERSION = 5.0;
				TARGETED_DEVICE_FAMILY = 1;
			};
			name = Debug;
		};
		18EE69232CCD0AE400A16196 /* Release */ = {
			isa = XCBuildConfiguration;
			buildSettings = {
				ASSETCATALOG_COMPILER_APPICON_NAME = AppIcon;
				ASSETCATALOG_COMPILER_GLOBAL_ACCENT_COLOR_NAME = AccentColor;
				CODE_SIGN_STYLE = Automatic;
				CURRENT_PROJECT_VERSION = 1;
				DEVELOPMENT_ASSET_PATHS = "\"DualVideoRecordingApp/Preview Content\"";
				DEVELOPMENT_TEAM = HJ3C6V359D;
				ENABLE_PREVIEWS = YES;
				GENERATE_INFOPLIST_FILE = YES;
				INFOPLIST_FILE = DualVideoRecordingApp/Info.plist;
				INFOPLIST_KEY_CFBundleDisplayName = LOOKOUT;
				INFOPLIST_KEY_ITSAppUsesNonExemptEncryption = NO;
				INFOPLIST_KEY_LSApplicationCategoryType = "public.app-category.video";
				INFOPLIST_KEY_NSCameraUsageDescription = "This app uses the camera to capture high-quality video from both front and rear perspectives. The dual recording feature allows you to record two angles simultaneously, ensuring you never miss a moment. Your privacy is our priority, and the camera is only active during recording.";
				INFOPLIST_KEY_NSLocationWhenInUseUsageDescription = "This app requires your location to help provide navigation and route guidance.";
				INFOPLIST_KEY_NSMicrophoneUsageDescription = "This app uses the microphone to record audio that syncs with your dual video capture. Audio is recorded solely for enhancing your video recordings, ensuring a complete multimedia experience. Your sound data remains private and is only used when you are recording.";
				INFOPLIST_KEY_UIApplicationSceneManifest_Generation = YES;
				INFOPLIST_KEY_UIApplicationSupportsIndirectInputEvents = YES;
				INFOPLIST_KEY_UILaunchScreen_Generation = YES;
				INFOPLIST_KEY_UIRequiredDeviceCapabilities = telephony;
				INFOPLIST_KEY_UIStatusBarStyle = UIStatusBarStyleDarkContent;
				IPHONEOS_DEPLOYMENT_TARGET = 16.4;
				LD_RUNPATH_SEARCH_PATHS = (
					"$(inherited)",
					"@executable_path/Frameworks",
				);
				MARKETING_VERSION = 3.0;
				PRODUCT_BUNDLE_IDENTIFIER = com.kidastudios.lookout;
				PRODUCT_NAME = "$(TARGET_NAME)";
				SUPPORTED_PLATFORMS = "iphoneos iphonesimulator";
				SUPPORTS_MACCATALYST = NO;
				SUPPORTS_MAC_DESIGNED_FOR_IPHONE_IPAD = NO;
				SUPPORTS_XR_DESIGNED_FOR_IPHONE_IPAD = NO;
				SWIFT_EMIT_LOC_STRINGS = YES;
				SWIFT_STRICT_CONCURRENCY = targeted;
				SWIFT_VERSION = 5.0;
				TARGETED_DEVICE_FAMILY = 1;
			};
			name = Release;
		};
/* End XCBuildConfiguration section */

/* Begin XCConfigurationList section */
		18EE690E2CCD0AE300A16196 /* Build configuration list for PBXProject "DualVideoRecordingApp" */ = {
			isa = XCConfigurationList;
			buildConfigurations = (
				18EE691F2CCD0AE400A16196 /* Debug */,
				18EE69202CCD0AE400A16196 /* Release */,
			);
			defaultConfigurationIsVisible = 0;
			defaultConfigurationName = Release;
		};
		18EE69212CCD0AE400A16196 /* Build configuration list for PBXNativeTarget "DualVideoRecordingApp" */ = {
			isa = XCConfigurationList;
			buildConfigurations = (
				18EE69222CCD0AE400A16196 /* Debug */,
				18EE69232CCD0AE400A16196 /* Release */,
			);
			defaultConfigurationIsVisible = 0;
			defaultConfigurationName = Release;
		};
/* End XCConfigurationList section */

/* Begin XCRemoteSwiftPackageReference section */
		18422DC32D14AF6700913564 /* XCRemoteSwiftPackageReference "swift-algorithms" */ = {
			isa = XCRemoteSwiftPackageReference;
			repositoryURL = "https://github.com/apple/swift-algorithms.git";
			requirement = {
				kind = upToNextMajorVersion;
				minimumVersion = 1.2.0;
			};
		};
		1855B3B02CF747BF008609F9 /* XCRemoteSwiftPackageReference "swift-collections" */ = {
			isa = XCRemoteSwiftPackageReference;
			repositoryURL = "https://github.com/apple/swift-collections.git";
			requirement = {
				kind = upToNextMajorVersion;
				minimumVersion = 1.1.4;
			};
		};
		188FA3462D39799C00DFA7DA /* XCRemoteSwiftPackageReference "StorageSenseKit" */ = {
			isa = XCRemoteSwiftPackageReference;
			repositoryURL = "https://github.com/c2p-cmd/StorageSenseKit/";
			requirement = {
				branch = main;
				kind = branch;
			};
		};
		B9E04D1A2D956E710007FD04 /* XCRemoteSwiftPackageReference "SwiftToasts" */ = {
			isa = XCRemoteSwiftPackageReference;
			repositoryURL = "https://github.com/c2p-cmd/SwiftToasts/";
			requirement = {
				kind = exactVersion;
				version = 1.0.0;
			};
		};
/* End XCRemoteSwiftPackageReference section */

/* Begin XCSwiftPackageProductDependency section */
		18422DC42D14AF6700913564 /* Algorithms */ = {
			isa = XCSwiftPackageProductDependency;
			package = 18422DC32D14AF6700913564 /* XCRemoteSwiftPackageReference "swift-algorithms" */;
			productName = Algorithms;
		};
		1855B3B12CF747BF008609F9 /* OrderedCollections */ = {
			isa = XCSwiftPackageProductDependency;
			package = 1855B3B02CF747BF008609F9 /* XCRemoteSwiftPackageReference "swift-collections" */;
			productName = OrderedCollections;
		};
		187A8CE32CF4B61200E28255 /* SwiftToasts */ = {
			isa = XCSwiftPackageProductDependency;
			productName = SwiftToasts;
		};
		188FA3472D39799C00DFA7DA /* StorageSenseKit */ = {
			isa = XCSwiftPackageProductDependency;
			package = 188FA3462D39799C00DFA7DA /* XCRemoteSwiftPackageReference "StorageSenseKit" */;
			productName = StorageSenseKit;
		};
		B9E04D1B2D956E710007FD04 /* SwiftToasts */ = {
			isa = XCSwiftPackageProductDependency;
			package = B9E04D1A2D956E710007FD04 /* XCRemoteSwiftPackageReference "SwiftToasts" */;
			productName = SwiftToasts;
		};
/* End XCSwiftPackageProductDependency section */
	};
	rootObject = 18EE690B2CCD0AE300A16196 /* Project object */;
}
